
Microsoft Visual Studio Solution File, Format Version 12.00
# Visual Studio 15
VisualStudioVersion = 15.0.28010.2036
MinimumVisualStudioVersion = 10.0.40219.1
Project("{888888A0-9F3D-457C-B088-3A5042F75D52}") = "fx1", "fx1.pyproj", "{071AF016-BC07-439F-A3CC-C5FEA6B3A451}"
EndProject
Global
	GlobalSection(SolutionConfigurationPlatforms) = preSolution
		Debug|Any CPU = Debug|Any CPU
		Release|Any CPU = Release|Any CPU
	EndGlobalSection
	GlobalSection(ProjectConfigurationPlatforms) = postSolution
		{071AF016-BC07-439F-A3CC-C5FEA6B3A451}.Debug|Any CPU.ActiveCfg = Debug|Any CPU
		{071AF016-BC07-439F-A3CC-C5FEA6B3A451}.Release|Any CPU.ActiveCfg = Release|Any CPU
	EndGlobalSection
	GlobalSection(SolutionProperties) = preSolution
		HideSolutionNode = FALSE
	EndGlobalSection
	GlobalSection(ExtensibilityGlobals) = postSolution
		SolutionGuid = {6ABD63F4-5756-4594-966B-E57A894EF8C3}
	EndGlobalSection
EndGlobal
